# THIS IS AN AUTOGENERATED FILE. DO NOT EDIT THIS FILE DIRECTLY.
# yarn lockfile v1


"@babel/helper-string-parser@^7.25.9":
  version "7.25.9"
  resolved "https://registry.yarnpkg.com/@babel/helper-string-parser/-/helper-string-parser-7.25.9.tgz#1aabb72ee72ed35789b4bbcad3ca2862ce614e8c"
  integrity sha512-4A/SCr/2KLd5jrtOMFzaKjVtAei3+2r/NChoBNoZ3EyP/+GlhoaEGoWOZUmFmoITP7zOJyHIMm+DYRd8o3PvHA==

"@babel/helper-validator-identifier@^7.25.9":
  version "7.25.9"
  resolved "https://registry.yarnpkg.com/@babel/helper-validator-identifier/-/helper-validator-identifier-7.25.9.tgz#24b64e2c3ec7cd3b3c547729b8d16871f22cbdc7"
  integrity sha512-Ed61U6XJc3CVRfkERJWDz4dJwKe7iLmmJsbOGu9wSloNSFttHV0I8g6UAgb7qnK5ly5bGLPd4oXZlxCdANBOWQ==

"@babel/parser@^7.25.3":
  version "7.27.0"
  resolved "https://registry.yarnpkg.com/@babel/parser/-/parser-7.27.0.tgz#3d7d6ee268e41d2600091cbd4e145ffee85a44ec"
  integrity sha512-iaepho73/2Pz7w2eMS0Q5f83+0RKI7i4xmiYeBmDzfRVbQtTOG7Ts0S4HzJVsTMGI9keU8rNfuZr8DKfSt7Yyg==
  dependencies:
    "@babel/types" "^7.27.0"

"@babel/types@^7.27.0":
  version "7.27.0"
  resolved "https://registry.yarnpkg.com/@babel/types/-/types-7.27.0.tgz#ef9acb6b06c3173f6632d993ecb6d4ae470b4559"
  integrity sha512-H45s8fVLYjbhFH62dIJ3WtmJ6RSPt/3DRO0ZcT2SUiYiQyz3BLVb9ADEnLl91m74aQPS3AzzeajZHYOalWe3bg==
  dependencies:
    "@babel/helper-string-parser" "^7.25.9"
    "@babel/helper-validator-identifier" "^7.25.9"

"@emnapi/core@^1.4.0":
  version "1.4.3"
  resolved "https://registry.yarnpkg.com/@emnapi/core/-/core-1.4.3.tgz#9ac52d2d5aea958f67e52c40a065f51de59b77d6"
  integrity sha512-4m62DuCE07lw01soJwPiBGC0nAww0Q+RY70VZ+n49yDIO13yyinhbWCeNnaob0lakDtWQzSdtNWzJeOJt2ma+g==
  dependencies:
    "@emnapi/wasi-threads" "1.0.2"
    tslib "^2.4.0"

"@emnapi/runtime@^1.4.0":
  version "1.4.3"
  resolved "https://registry.yarnpkg.com/@emnapi/runtime/-/runtime-1.4.3.tgz#c0564665c80dc81c448adac23f9dfbed6c838f7d"
  integrity sha512-pBPWdu6MLKROBX05wSNKcNb++m5Er+KQ9QkB+WVM+pW2Kx9hoSrVTnu3BdkI5eBLZoKu/J6mW/B6i6bJB2ytXQ==
  dependencies:
    tslib "^2.4.0"

"@emnapi/wasi-threads@1.0.2", "@emnapi/wasi-threads@^1.0.1":
  version "1.0.2"
  resolved "https://registry.yarnpkg.com/@emnapi/wasi-threads/-/wasi-threads-1.0.2.tgz#977f44f844eac7d6c138a415a123818c655f874c"
  integrity sha512-5n3nTJblwRi8LlXkJ9eBzu+kZR8Yxcc7ubakyQTFzPMtIhFpUBRbsnc2Dv88IZDIbCDlBiWrknhB4Lsz7mg6BA==
  dependencies:
    tslib "^2.4.0"

"@esbuild/aix-ppc64@0.25.3":
  version "0.25.3"
  resolved "https://registry.yarnpkg.com/@esbuild/aix-ppc64/-/aix-ppc64-0.25.3.tgz#014180d9a149cffd95aaeead37179433f5ea5437"
  integrity sha512-W8bFfPA8DowP8l//sxjJLSLkD8iEjMc7cBVyP+u4cEv9sM7mdUCkgsj+t0n/BWPFtv7WWCN5Yzj0N6FJNUUqBQ==

"@esbuild/android-arm64@0.25.3":
  version "0.25.3"
  resolved "https://registry.yarnpkg.com/@esbuild/android-arm64/-/android-arm64-0.25.3.tgz#649e47e04ddb24a27dc05c395724bc5f4c55cbfe"
  integrity sha512-XelR6MzjlZuBM4f5z2IQHK6LkK34Cvv6Rj2EntER3lwCBFdg6h2lKbtRjpTTsdEjD/WSe1q8UyPBXP1x3i/wYQ==

"@esbuild/android-arm@0.25.3":
  version "0.25.3"
  resolved "https://registry.yarnpkg.com/@esbuild/android-arm/-/android-arm-0.25.3.tgz#8a0f719c8dc28a4a6567ef7328c36ea85f568ff4"
  integrity sha512-PuwVXbnP87Tcff5I9ngV0lmiSu40xw1At6i3GsU77U7cjDDB4s0X2cyFuBiDa1SBk9DnvWwnGvVaGBqoFWPb7A==

"@esbuild/android-x64@0.25.3":
  version "0.25.3"
  resolved "https://registry.yarnpkg.com/@esbuild/android-x64/-/android-x64-0.25.3.tgz#e2ab182d1fd06da9bef0784a13c28a7602d78009"
  integrity sha512-ogtTpYHT/g1GWS/zKM0cc/tIebFjm1F9Aw1boQ2Y0eUQ+J89d0jFY//s9ei9jVIlkYi8AfOjiixcLJSGNSOAdQ==

"@esbuild/darwin-arm64@0.25.3":
  version "0.25.3"
  resolved "https://registry.yarnpkg.com/@esbuild/darwin-arm64/-/darwin-arm64-0.25.3.tgz#c7f3166fcece4d158a73dcfe71b2672ca0b1668b"
  integrity sha512-eESK5yfPNTqpAmDfFWNsOhmIOaQA59tAcF/EfYvo5/QWQCzXn5iUSOnqt3ra3UdzBv073ykTtmeLJZGt3HhA+w==

"@esbuild/darwin-x64@0.25.3":
  version "0.25.3"
  resolved "https://registry.yarnpkg.com/@esbuild/darwin-x64/-/darwin-x64-0.25.3.tgz#d8c5342ec1a4bf4b1915643dfe031ba4b173a87a"
  integrity sha512-Kd8glo7sIZtwOLcPbW0yLpKmBNWMANZhrC1r6K++uDR2zyzb6AeOYtI6udbtabmQpFaxJ8uduXMAo1gs5ozz8A==

"@esbuild/freebsd-arm64@0.25.3":
  version "0.25.3"
  resolved "https://registry.yarnpkg.com/@esbuild/freebsd-arm64/-/freebsd-arm64-0.25.3.tgz#9f7d789e2eb7747d4868817417cc968ffa84f35b"
  integrity sha512-EJiyS70BYybOBpJth3M0KLOus0n+RRMKTYzhYhFeMwp7e/RaajXvP+BWlmEXNk6uk+KAu46j/kaQzr6au+JcIw==

"@esbuild/freebsd-x64@0.25.3":
  version "0.25.3"
  resolved "https://registry.yarnpkg.com/@esbuild/freebsd-x64/-/freebsd-x64-0.25.3.tgz#8ad35c51d084184a8e9e76bb4356e95350a64709"
  integrity sha512-Q+wSjaLpGxYf7zC0kL0nDlhsfuFkoN+EXrx2KSB33RhinWzejOd6AvgmP5JbkgXKmjhmpfgKZq24pneodYqE8Q==

"@esbuild/linux-arm64@0.25.3":
  version "0.25.3"
  resolved "https://registry.yarnpkg.com/@esbuild/linux-arm64/-/linux-arm64-0.25.3.tgz#3af0da3d9186092a9edd4e28fa342f57d9e3cd30"
  integrity sha512-xCUgnNYhRD5bb1C1nqrDV1PfkwgbswTTBRbAd8aH5PhYzikdf/ddtsYyMXFfGSsb/6t6QaPSzxtbfAZr9uox4A==

"@esbuild/linux-arm@0.25.3":
  version "0.25.3"
  resolved "https://registry.yarnpkg.com/@esbuild/linux-arm/-/linux-arm-0.25.3.tgz#e91cafa95e4474b3ae3d54da12e006b782e57225"
  integrity sha512-dUOVmAUzuHy2ZOKIHIKHCm58HKzFqd+puLaS424h6I85GlSDRZIA5ycBixb3mFgM0Jdh+ZOSB6KptX30DD8YOQ==

"@esbuild/linux-ia32@0.25.3":
  version "0.25.3"
  resolved "https://registry.yarnpkg.com/@esbuild/linux-ia32/-/linux-ia32-0.25.3.tgz#81025732d85b68ee510161b94acdf7e3007ea177"
  integrity sha512-yplPOpczHOO4jTYKmuYuANI3WhvIPSVANGcNUeMlxH4twz/TeXuzEP41tGKNGWJjuMhotpGabeFYGAOU2ummBw==

"@esbuild/linux-loong64@0.25.3":
  version "0.25.3"
  resolved "https://registry.yarnpkg.com/@esbuild/linux-loong64/-/linux-loong64-0.25.3.tgz#3c744e4c8d5e1148cbe60a71a11b58ed8ee5deb8"
  integrity sha512-P4BLP5/fjyihmXCELRGrLd793q/lBtKMQl8ARGpDxgzgIKJDRJ/u4r1A/HgpBpKpKZelGct2PGI4T+axcedf6g==

"@esbuild/linux-mips64el@0.25.3":
  version "0.25.3"
  resolved "https://registry.yarnpkg.com/@esbuild/linux-mips64el/-/linux-mips64el-0.25.3.tgz#1dfe2a5d63702db9034cc6b10b3087cc0424ec26"
  integrity sha512-eRAOV2ODpu6P5divMEMa26RRqb2yUoYsuQQOuFUexUoQndm4MdpXXDBbUoKIc0iPa4aCO7gIhtnYomkn2x+bag==

"@esbuild/linux-ppc64@0.25.3":
  version "0.25.3"
  resolved "https://registry.yarnpkg.com/@esbuild/linux-ppc64/-/linux-ppc64-0.25.3.tgz#2e85d9764c04a1ebb346dc0813ea05952c9a5c56"
  integrity sha512-ZC4jV2p7VbzTlnl8nZKLcBkfzIf4Yad1SJM4ZMKYnJqZFD4rTI+pBG65u8ev4jk3/MPwY9DvGn50wi3uhdaghg==

"@esbuild/linux-riscv64@0.25.3":
  version "0.25.3"
  resolved "https://registry.yarnpkg.com/@esbuild/linux-riscv64/-/linux-riscv64-0.25.3.tgz#a9ea3334556b09f85ccbfead58c803d305092415"
  integrity sha512-LDDODcFzNtECTrUUbVCs6j9/bDVqy7DDRsuIXJg6so+mFksgwG7ZVnTruYi5V+z3eE5y+BJZw7VvUadkbfg7QA==

"@esbuild/linux-s390x@0.25.3":
  version "0.25.3"
  resolved "https://registry.yarnpkg.com/@esbuild/linux-s390x/-/linux-s390x-0.25.3.tgz#f6a7cb67969222b200974de58f105dfe8e99448d"
  integrity sha512-s+w/NOY2k0yC2p9SLen+ymflgcpRkvwwa02fqmAwhBRI3SC12uiS10edHHXlVWwfAagYSY5UpmT/zISXPMW3tQ==

"@esbuild/linux-x64@0.25.3":
  version "0.25.3"
  resolved "https://registry.yarnpkg.com/@esbuild/linux-x64/-/linux-x64-0.25.3.tgz#a237d3578ecdd184a3066b1f425e314ade0f8033"
  integrity sha512-nQHDz4pXjSDC6UfOE1Fw9Q8d6GCAd9KdvMZpfVGWSJztYCarRgSDfOVBY5xwhQXseiyxapkiSJi/5/ja8mRFFA==

"@esbuild/netbsd-arm64@0.25.3":
  version "0.25.3"
  resolved "https://registry.yarnpkg.com/@esbuild/netbsd-arm64/-/netbsd-arm64-0.25.3.tgz#4c15c68d8149614ddb6a56f9c85ae62ccca08259"
  integrity sha512-1QaLtOWq0mzK6tzzp0jRN3eccmN3hezey7mhLnzC6oNlJoUJz4nym5ZD7mDnS/LZQgkrhEbEiTn515lPeLpgWA==

"@esbuild/netbsd-x64@0.25.3":
  version "0.25.3"
  resolved "https://registry.yarnpkg.com/@esbuild/netbsd-x64/-/netbsd-x64-0.25.3.tgz#12f6856f8c54c2d7d0a8a64a9711c01a743878d5"
  integrity sha512-i5Hm68HXHdgv8wkrt+10Bc50zM0/eonPb/a/OFVfB6Qvpiirco5gBA5bz7S2SHuU+Y4LWn/zehzNX14Sp4r27g==

"@esbuild/openbsd-arm64@0.25.3":
  version "0.25.3"
  resolved "https://registry.yarnpkg.com/@esbuild/openbsd-arm64/-/openbsd-arm64-0.25.3.tgz#ca078dad4a34df192c60233b058db2ca3d94bc5c"
  integrity sha512-zGAVApJEYTbOC6H/3QBr2mq3upG/LBEXr85/pTtKiv2IXcgKV0RT0QA/hSXZqSvLEpXeIxah7LczB4lkiYhTAQ==

"@esbuild/openbsd-x64@0.25.3":
  version "0.25.3"
  resolved "https://registry.yarnpkg.com/@esbuild/openbsd-x64/-/openbsd-x64-0.25.3.tgz#c9178adb60e140e03a881d0791248489c79f95b2"
  integrity sha512-fpqctI45NnCIDKBH5AXQBsD0NDPbEFczK98hk/aa6HJxbl+UtLkJV2+Bvy5hLSLk3LHmqt0NTkKNso1A9y1a4w==

"@esbuild/sunos-x64@0.25.3":
  version "0.25.3"
  resolved "https://registry.yarnpkg.com/@esbuild/sunos-x64/-/sunos-x64-0.25.3.tgz#03765eb6d4214ff27e5230af779e80790d1ee09f"
  integrity sha512-ROJhm7d8bk9dMCUZjkS8fgzsPAZEjtRJqCAmVgB0gMrvG7hfmPmz9k1rwO4jSiblFjYmNvbECL9uhaPzONMfgA==

"@esbuild/win32-arm64@0.25.3":
  version "0.25.3"
  resolved "https://registry.yarnpkg.com/@esbuild/win32-arm64/-/win32-arm64-0.25.3.tgz#f1c867bd1730a9b8dfc461785ec6462e349411ea"
  integrity sha512-YWcow8peiHpNBiIXHwaswPnAXLsLVygFwCB3A7Bh5jRkIBFWHGmNQ48AlX4xDvQNoMZlPYzjVOQDYEzWCqufMQ==

"@esbuild/win32-ia32@0.25.3":
  version "0.25.3"
  resolved "https://registry.yarnpkg.com/@esbuild/win32-ia32/-/win32-ia32-0.25.3.tgz#77491f59ef6c9ddf41df70670d5678beb3acc322"
  integrity sha512-qspTZOIGoXVS4DpNqUYUs9UxVb04khS1Degaw/MnfMe7goQ3lTfQ13Vw4qY/Nj0979BGvMRpAYbs/BAxEvU8ew==

"@esbuild/win32-x64@0.25.3":
  version "0.25.3"
  resolved "https://registry.yarnpkg.com/@esbuild/win32-x64/-/win32-x64-0.25.3.tgz#b17a2171f9074df9e91bfb07ef99a892ac06412a"
  integrity sha512-ICgUR+kPimx0vvRzf+N/7L7tVSQeE3BYY+NhHRHXS1kBuPO7z2+7ea2HbhDyZdTephgvNvKrlDDKUexuCVBVvg==

"@fortawesome/fontawesome-common-types@6.7.2":
  version "6.7.2"
  resolved "https://registry.yarnpkg.com/@fortawesome/fontawesome-common-types/-/fontawesome-common-types-6.7.2.tgz#7123d74b0c1e726794aed1184795dbce12186470"
  integrity sha512-Zs+YeHUC5fkt7Mg1l6XTniei3k4bwG/yo3iFUtZWd/pMx9g3fdvkSK9E0FOC+++phXOka78uJcYb8JaFkW52Xg==

"@fortawesome/fontawesome-svg-core@^6.7.2":
  version "6.7.2"
  resolved "https://registry.yarnpkg.com/@fortawesome/fontawesome-svg-core/-/fontawesome-svg-core-6.7.2.tgz#0ac6013724d5cc327c1eb81335b91300a4fce2f2"
  integrity sha512-yxtOBWDrdi5DD5o1pmVdq3WMCvnobT0LU6R8RyyVXPvFRd2o79/0NCuQoCjNTeZz9EzA9xS3JxNWfv54RIHFEA==
  dependencies:
    "@fortawesome/fontawesome-common-types" "6.7.2"

"@fortawesome/free-brands-svg-icons@^6.7.2":
  version "6.7.2"
  resolved "https://registry.yarnpkg.com/@fortawesome/free-brands-svg-icons/-/free-brands-svg-icons-6.7.2.tgz#4ebee8098f31da5446dda81edc344025eb59b27e"
  integrity sha512-zu0evbcRTgjKfrr77/2XX+bU+kuGfjm0LbajJHVIgBWNIDzrhpRxiCPNT8DW5AdmSsq7Mcf9D1bH0aSeSUSM+Q==
  dependencies:
    "@fortawesome/fontawesome-common-types" "6.7.2"

"@fortawesome/free-regular-svg-icons@^6.7.2":
  version "6.7.2"
  resolved "https://registry.yarnpkg.com/@fortawesome/free-regular-svg-icons/-/free-regular-svg-icons-6.7.2.tgz#f1651e55e6651a15589b0569516208f9c65f96db"
  integrity sha512-7Z/ur0gvCMW8G93dXIQOkQqHo2M5HLhYrRVC0//fakJXxcF1VmMPsxnG6Ee8qEylA8b8Q3peQXWMNZ62lYF28g==
  dependencies:
    "@fortawesome/fontawesome-common-types" "6.7.2"

"@fortawesome/free-solid-svg-icons@^6.7.2":
  version "6.7.2"
  resolved "https://registry.yarnpkg.com/@fortawesome/free-solid-svg-icons/-/free-solid-svg-icons-6.7.2.tgz#fe25883b5eb8464a82918599950d283c465b57f6"
  integrity sha512-GsBrnOzU8uj0LECDfD5zomZJIjrPhIlWU82AHwa2s40FKH+kcxQaBvBo3Z4TxyZHIyX8XTDxsyA33/Vx9eFuQA==
  dependencies:
    "@fortawesome/fontawesome-common-types" "6.7.2"

"@fortawesome/vue-fontawesome@^3.0.8":
  version "3.0.8"
  resolved "https://registry.yarnpkg.com/@fortawesome/vue-fontawesome/-/vue-fontawesome-3.0.8.tgz#1e8032df151173d8174ac9f5a28da3c0f5a495e4"
  integrity sha512-yyHHAj4G8pQIDfaIsMvQpwKMboIZtcHTUvPqXjOHyldh1O1vZfH4W03VDPv5RvI9P6DLTzJQlmVgj9wCf7c2Fw==

"@hcaptcha/vue3-hcaptcha@^1.3.0":
  version "1.3.0"
  resolved "https://registry.yarnpkg.com/@hcaptcha/vue3-hcaptcha/-/vue3-hcaptcha-1.3.0.tgz#0c8ffcc46d57d1a1c73eafb4c58396df35e5e1d1"
  integrity sha512-IEonS6JiYdU7uy6aeib8cYtMO4nj8utwStbA9bWHyYbOvOvhpkV+AW8vfSKh6SntYxqle/TRwhv+kU9p92CfsA==
  dependencies:
    vue "^3.2.19"

"@jridgewell/sourcemap-codec@^1.5.0":
  version "1.5.0"
  resolved "https://registry.yarnpkg.com/@jridgewell/sourcemap-codec/-/sourcemap-codec-1.5.0.tgz#3188bcb273a414b0d215fd22a58540b989b9409a"
  integrity sha512-gv3ZRaISU3fjPAgNsriBRqGWQL6quFx04YMPW/zD8XMLsU32mhCCbfbO6KZFLjvYpCZ8zyDEgqsgf+PwPaM7GQ==

"@napi-rs/wasm-runtime@^0.2.8":
  version "0.2.9"
  resolved "https://registry.yarnpkg.com/@napi-rs/wasm-runtime/-/wasm-runtime-0.2.9.tgz#7278122cf94f3b36d8170a8eee7d85356dfa6a96"
  integrity sha512-OKRBiajrrxB9ATokgEQoG87Z25c67pCpYcCwmXYX8PBftC9pBfN18gnm/fh1wurSLEKIAt+QRFLFCQISrb66Jg==
  dependencies:
    "@emnapi/core" "^1.4.0"
    "@emnapi/runtime" "^1.4.0"
    "@tybys/wasm-util" "^0.9.0"

"@rollup/rollup-android-arm-eabi@4.40.1":
  version "4.40.1"
  resolved "https://registry.yarnpkg.com/@rollup/rollup-android-arm-eabi/-/rollup-android-arm-eabi-4.40.1.tgz#e1562d360bca73c7bef6feef86098de3a2f1d442"
  integrity sha512-kxz0YeeCrRUHz3zyqvd7n+TVRlNyTifBsmnmNPtk3hQURUyG9eAB+usz6DAwagMusjx/zb3AjvDUvhFGDAexGw==

"@rollup/rollup-android-arm64@4.40.1":
  version "4.40.1"
  resolved "https://registry.yarnpkg.com/@rollup/rollup-android-arm64/-/rollup-android-arm64-4.40.1.tgz#37ba63940211673e15dcc5f469a78e34276dbca7"
  integrity sha512-PPkxTOisoNC6TpnDKatjKkjRMsdaWIhyuMkA4UsBXT9WEZY4uHezBTjs6Vl4PbqQQeu6oION1w2voYZv9yquCw==

"@rollup/rollup-darwin-arm64@4.40.1":
  version "4.40.1"
  resolved "https://registry.yarnpkg.com/@rollup/rollup-darwin-arm64/-/rollup-darwin-arm64-4.40.1.tgz#58b1eb86d997d71dabc5b78903233a3c27438ca0"
  integrity sha512-VWXGISWFY18v/0JyNUy4A46KCFCb9NVsH+1100XP31lud+TzlezBbz24CYzbnA4x6w4hx+NYCXDfnvDVO6lcAA==

"@rollup/rollup-darwin-x64@4.40.1":
  version "4.40.1"
  resolved "https://registry.yarnpkg.com/@rollup/rollup-darwin-x64/-/rollup-darwin-x64-4.40.1.tgz#5e22dab3232b1e575d930ce891abb18fe19c58c9"
  integrity sha512-nIwkXafAI1/QCS7pxSpv/ZtFW6TXcNUEHAIA9EIyw5OzxJZQ1YDrX+CL6JAIQgZ33CInl1R6mHet9Y/UZTg2Bw==

"@rollup/rollup-freebsd-arm64@4.40.1":
  version "4.40.1"
  resolved "https://registry.yarnpkg.com/@rollup/rollup-freebsd-arm64/-/rollup-freebsd-arm64-4.40.1.tgz#04c892d9ff864d66e31419634726ab0bebb33707"
  integrity sha512-BdrLJ2mHTrIYdaS2I99mriyJfGGenSaP+UwGi1kB9BLOCu9SR8ZpbkmmalKIALnRw24kM7qCN0IOm6L0S44iWw==

"@rollup/rollup-freebsd-x64@4.40.1":
  version "4.40.1"
  resolved "https://registry.yarnpkg.com/@rollup/rollup-freebsd-x64/-/rollup-freebsd-x64-4.40.1.tgz#f4b1e091f7cf5afc9e3a029d70128ad56409ecfb"
  integrity sha512-VXeo/puqvCG8JBPNZXZf5Dqq7BzElNJzHRRw3vjBE27WujdzuOPecDPc/+1DcdcTptNBep3861jNq0mYkT8Z6Q==

"@rollup/rollup-linux-arm-gnueabihf@4.40.1":
  version "4.40.1"
  resolved "https://registry.yarnpkg.com/@rollup/rollup-linux-arm-gnueabihf/-/rollup-linux-arm-gnueabihf-4.40.1.tgz#c8814bb5ce047a81b1fe4a33628dfd4ac52bd864"
  integrity sha512-ehSKrewwsESPt1TgSE/na9nIhWCosfGSFqv7vwEtjyAqZcvbGIg4JAcV7ZEh2tfj/IlfBeZjgOXm35iOOjadcg==

"@rollup/rollup-linux-arm-musleabihf@4.40.1":
  version "4.40.1"
  resolved "https://registry.yarnpkg.com/@rollup/rollup-linux-arm-musleabihf/-/rollup-linux-arm-musleabihf-4.40.1.tgz#5b4e7bd83cbebbf5ffe958802dcfd4ee34bf73a3"
  integrity sha512-m39iO/aaurh5FVIu/F4/Zsl8xppd76S4qoID8E+dSRQvTyZTOI2gVk3T4oqzfq1PtcvOfAVlwLMK3KRQMaR8lg==

"@rollup/rollup-linux-arm64-gnu@4.40.1":
  version "4.40.1"
  resolved "https://registry.yarnpkg.com/@rollup/rollup-linux-arm64-gnu/-/rollup-linux-arm64-gnu-4.40.1.tgz#141c848e53cee011e82a11777b8a51f1b3e8d77c"
  integrity sha512-Y+GHnGaku4aVLSgrT0uWe2o2Rq8te9hi+MwqGF9r9ORgXhmHK5Q71N757u0F8yU1OIwUIFy6YiJtKjtyktk5hg==

"@rollup/rollup-linux-arm64-musl@4.40.1":
  version "4.40.1"
  resolved "https://registry.yarnpkg.com/@rollup/rollup-linux-arm64-musl/-/rollup-linux-arm64-musl-4.40.1.tgz#22ebeaf2fa301aa4aa6c84b760e6cd1d1ac7eb1e"
  integrity sha512-jEwjn3jCA+tQGswK3aEWcD09/7M5wGwc6+flhva7dsQNRZZTe30vkalgIzV4tjkopsTS9Jd7Y1Bsj6a4lzz8gQ==

"@rollup/rollup-linux-loongarch64-gnu@4.40.1":
  version "4.40.1"
  resolved "https://registry.yarnpkg.com/@rollup/rollup-linux-loongarch64-gnu/-/rollup-linux-loongarch64-gnu-4.40.1.tgz#20b77dc78e622f5814ff8e90c14c938ceb8043bc"
  integrity sha512-ySyWikVhNzv+BV/IDCsrraOAZ3UaC8SZB67FZlqVwXwnFhPihOso9rPOxzZbjp81suB1O2Topw+6Ug3JNegejQ==

"@rollup/rollup-linux-powerpc64le-gnu@4.40.1":
  version "4.40.1"
  resolved "https://registry.yarnpkg.com/@rollup/rollup-linux-powerpc64le-gnu/-/rollup-linux-powerpc64le-gnu-4.40.1.tgz#2c90f99c987ef1198d4f8d15d754c286e1f07b13"
  integrity sha512-BvvA64QxZlh7WZWqDPPdt0GH4bznuL6uOO1pmgPnnv86rpUpc8ZxgZwcEgXvo02GRIZX1hQ0j0pAnhwkhwPqWg==

"@rollup/rollup-linux-riscv64-gnu@4.40.1":
  version "4.40.1"
  resolved "https://registry.yarnpkg.com/@rollup/rollup-linux-riscv64-gnu/-/rollup-linux-riscv64-gnu-4.40.1.tgz#9336fd5e47d7f4760d02aa85f76976176eef53ca"
  integrity sha512-EQSP+8+1VuSulm9RKSMKitTav89fKbHymTf25n5+Yr6gAPZxYWpj3DzAsQqoaHAk9YX2lwEyAf9S4W8F4l3VBQ==

"@rollup/rollup-linux-riscv64-musl@4.40.1":
  version "4.40.1"
  resolved "https://registry.yarnpkg.com/@rollup/rollup-linux-riscv64-musl/-/rollup-linux-riscv64-musl-4.40.1.tgz#d75b4d54d46439bb5c6c13762788f57e798f5670"
  integrity sha512-n/vQ4xRZXKuIpqukkMXZt9RWdl+2zgGNx7Uda8NtmLJ06NL8jiHxUawbwC+hdSq1rrw/9CghCpEONor+l1e2gA==

"@rollup/rollup-linux-s390x-gnu@4.40.1":
  version "4.40.1"
  resolved "https://registry.yarnpkg.com/@rollup/rollup-linux-s390x-gnu/-/rollup-linux-s390x-gnu-4.40.1.tgz#e9f09b802f1291839247399028beaef9ce034c81"
  integrity sha512-h8d28xzYb98fMQKUz0w2fMc1XuGzLLjdyxVIbhbil4ELfk5/orZlSTpF/xdI9C8K0I8lCkq+1En2RJsawZekkg==

"@rollup/rollup-linux-x64-gnu@4.40.1":
  version "4.40.1"
  resolved "https://registry.yarnpkg.com/@rollup/rollup-linux-x64-gnu/-/rollup-linux-x64-gnu-4.40.1.tgz#0413169dc00470667dea8575c1129d4e7a73eb29"
  integrity sha512-XiK5z70PEFEFqcNj3/zRSz/qX4bp4QIraTy9QjwJAb/Z8GM7kVUsD0Uk8maIPeTyPCP03ChdI+VVmJriKYbRHQ==

"@rollup/rollup-linux-x64-musl@4.40.1":
  version "4.40.1"
  resolved "https://registry.yarnpkg.com/@rollup/rollup-linux-x64-musl/-/rollup-linux-x64-musl-4.40.1.tgz#c76fd593323c60ea219439a00da6c6d33ffd0ea6"
  integrity sha512-2BRORitq5rQ4Da9blVovzNCMaUlyKrzMSvkVR0D4qPuOy/+pMCrh1d7o01RATwVy+6Fa1WBw+da7QPeLWU/1mQ==

"@rollup/rollup-win32-arm64-msvc@4.40.1":
  version "4.40.1"
  resolved "https://registry.yarnpkg.com/@rollup/rollup-win32-arm64-msvc/-/rollup-win32-arm64-msvc-4.40.1.tgz#c7724c386eed0bda5ae7143e4081c1910cab349b"
  integrity sha512-b2bcNm9Kbde03H+q+Jjw9tSfhYkzrDUf2d5MAd1bOJuVplXvFhWz7tRtWvD8/ORZi7qSCy0idW6tf2HgxSXQSg==

"@rollup/rollup-win32-ia32-msvc@4.40.1":
  version "4.40.1"
  resolved "https://registry.yarnpkg.com/@rollup/rollup-win32-ia32-msvc/-/rollup-win32-ia32-msvc-4.40.1.tgz#7749e1b65cb64fe6d41ad1ad9e970a0ccc8ac350"
  integrity sha512-DfcogW8N7Zg7llVEfpqWMZcaErKfsj9VvmfSyRjCyo4BI3wPEfrzTtJkZG6gKP/Z92wFm6rz2aDO7/JfiR/whA==

"@rollup/rollup-win32-x64-msvc@4.40.1":
  version "4.40.1"
  resolved "https://registry.yarnpkg.com/@rollup/rollup-win32-x64-msvc/-/rollup-win32-x64-msvc-4.40.1.tgz#8078b71fe0d5825dcbf83d52a7dc858b39da165c"
  integrity sha512-ECyOuDeH3C1I8jH2MK1RtBJW+YPMvSfT0a5NN0nHfQYnDSJ6tUiZH3gzwVP5/Kfh/+Tt7tpWVF9LXNTnhTJ3kA==

"@tailwindcss/node@4.1.4":
  version "4.1.4"
  resolved "https://registry.yarnpkg.com/@tailwindcss/node/-/node-4.1.4.tgz#cfabbbcd53cbbae8a175dc744e6fe31e8ad43d3e"
  integrity sha512-MT5118zaiO6x6hNA04OWInuAiP1YISXql8Z+/Y8iisV5nuhM8VXlyhRuqc2PEviPszcXI66W44bCIk500Oolhw==
  dependencies:
    enhanced-resolve "^5.18.1"
    jiti "^2.4.2"
    lightningcss "1.29.2"
    tailwindcss "4.1.4"

"@tailwindcss/oxide-android-arm64@4.1.4":
  version "4.1.4"
  resolved "https://registry.yarnpkg.com/@tailwindcss/oxide-android-arm64/-/oxide-android-arm64-4.1.4.tgz#5cee1085f6c856f0da2c182e29d115af1f1118e8"
  integrity sha512-xMMAe/SaCN/vHfQYui3fqaBDEXMu22BVwQ33veLc8ep+DNy7CWN52L+TTG9y1K397w9nkzv+Mw+mZWISiqhmlA==

"@tailwindcss/oxide-darwin-arm64@4.1.4":
  version "4.1.4"
  resolved "https://registry.yarnpkg.com/@tailwindcss/oxide-darwin-arm64/-/oxide-darwin-arm64-4.1.4.tgz#878c0ea38fa277f058084bb1a91a4891d9049945"
  integrity sha512-JGRj0SYFuDuAGilWFBlshcexev2hOKfNkoX+0QTksKYq2zgF9VY/vVMq9m8IObYnLna0Xlg+ytCi2FN2rOL0Sg==

"@tailwindcss/oxide-darwin-x64@4.1.4":
  version "4.1.4"
  resolved "https://registry.yarnpkg.com/@tailwindcss/oxide-darwin-x64/-/oxide-darwin-x64-4.1.4.tgz#ffde947581f7eaa7e1df2be222255ccff063de8a"
  integrity sha512-sdDeLNvs3cYeWsEJ4H1DvjOzaGios4QbBTNLVLVs0XQ0V95bffT3+scptzYGPMjm7xv4+qMhCDrkHwhnUySEzA==

"@tailwindcss/oxide-freebsd-x64@4.1.4":
  version "4.1.4"
  resolved "https://registry.yarnpkg.com/@tailwindcss/oxide-freebsd-x64/-/oxide-freebsd-x64-4.1.4.tgz#894dbe0155afe924071198c44635663d3d9c967a"
  integrity sha512-VHxAqxqdghM83HslPhRsNhHo91McsxRJaEnShJOMu8mHmEj9Ig7ToHJtDukkuLWLzLboh2XSjq/0zO6wgvykNA==

"@tailwindcss/oxide-linux-arm-gnueabihf@4.1.4":
  version "4.1.4"
  resolved "https://registry.yarnpkg.com/@tailwindcss/oxide-linux-arm-gnueabihf/-/oxide-linux-arm-gnueabihf-4.1.4.tgz#7b5d7de6a88613e5c908a68f1ed84ac675fd9351"
  integrity sha512-OTU/m/eV4gQKxy9r5acuesqaymyeSCnsx1cFto/I1WhPmi5HDxX1nkzb8KYBiwkHIGg7CTfo/AcGzoXAJBxLfg==

"@tailwindcss/oxide-linux-arm64-gnu@4.1.4":
  version "4.1.4"
  resolved "https://registry.yarnpkg.com/@tailwindcss/oxide-linux-arm64-gnu/-/oxide-linux-arm64-gnu-4.1.4.tgz#9d77b37c0ad52c370de3573240993d43d6e82141"
  integrity sha512-hKlLNvbmUC6z5g/J4H+Zx7f7w15whSVImokLPmP6ff1QqTVE+TxUM9PGuNsjHvkvlHUtGTdDnOvGNSEUiXI1Ww==

"@tailwindcss/oxide-linux-arm64-musl@4.1.4":
  version "4.1.4"
  resolved "https://registry.yarnpkg.com/@tailwindcss/oxide-linux-arm64-musl/-/oxide-linux-arm64-musl-4.1.4.tgz#a1839425aaa7a42a465d58017f53c3817d98ac3d"
  integrity sha512-X3As2xhtgPTY/m5edUtddmZ8rCruvBvtxYLMw9OsZdH01L2gS2icsHRwxdU0dMItNfVmrBezueXZCHxVeeb7Aw==

"@tailwindcss/oxide-linux-x64-gnu@4.1.4":
  version "4.1.4"
  resolved "https://registry.yarnpkg.com/@tailwindcss/oxide-linux-x64-gnu/-/oxide-linux-x64-gnu-4.1.4.tgz#bf11a9bf2191d964bb8f696d2ea904b55140b800"
  integrity sha512-2VG4DqhGaDSmYIu6C4ua2vSLXnJsb/C9liej7TuSO04NK+JJJgJucDUgmX6sn7Gw3Cs5ZJ9ZLrnI0QRDOjLfNQ==

"@tailwindcss/oxide-linux-x64-musl@4.1.4":
  version "4.1.4"
  resolved "https://registry.yarnpkg.com/@tailwindcss/oxide-linux-x64-musl/-/oxide-linux-x64-musl-4.1.4.tgz#11c7429543951cfa308016d4a957ab6a4192b37f"
  integrity sha512-v+mxVgH2kmur/X5Mdrz9m7TsoVjbdYQT0b4Z+dr+I4RvreCNXyCFELZL/DO0M1RsidZTrm6O1eMnV6zlgEzTMQ==

"@tailwindcss/oxide-wasm32-wasi@4.1.4":
  version "4.1.4"
  resolved "https://registry.yarnpkg.com/@tailwindcss/oxide-wasm32-wasi/-/oxide-wasm32-wasi-4.1.4.tgz#2c6b1aba1f086c3337625cdb3372c3955832768c"
  integrity sha512-2TLe9ir+9esCf6Wm+lLWTMbgklIjiF0pbmDnwmhR9MksVOq+e8aP3TSsXySnBDDvTTVd/vKu1aNttEGj3P6l8Q==
  dependencies:
    "@emnapi/core" "^1.4.0"
    "@emnapi/runtime" "^1.4.0"
    "@emnapi/wasi-threads" "^1.0.1"
    "@napi-rs/wasm-runtime" "^0.2.8"
    "@tybys/wasm-util" "^0.9.0"
    tslib "^2.8.0"

"@tailwindcss/oxide-win32-arm64-msvc@4.1.4":
  version "4.1.4"
  resolved "https://registry.yarnpkg.com/@tailwindcss/oxide-win32-arm64-msvc/-/oxide-win32-arm64-msvc-4.1.4.tgz#ffdfed3d61203428d448f52e35185f85a0ef9856"
  integrity sha512-VlnhfilPlO0ltxW9/BgfLI5547PYzqBMPIzRrk4W7uupgCt8z6Trw/tAj6QUtF2om+1MH281Pg+HHUJoLesmng==

"@tailwindcss/oxide-win32-x64-msvc@4.1.4":
  version "4.1.4"
  resolved "https://registry.yarnpkg.com/@tailwindcss/oxide-win32-x64-msvc/-/oxide-win32-x64-msvc-4.1.4.tgz#0abb7920564bcf5dafabc56914eeea38547a32c9"
  integrity sha512-+7S63t5zhYjslUGb8NcgLpFXD+Kq1F/zt5Xv5qTv7HaFTG/DHyHD9GA6ieNAxhgyA4IcKa/zy7Xx4Oad2/wuhw==

"@tailwindcss/oxide@4.1.4":
  version "4.1.4"
  resolved "https://registry.yarnpkg.com/@tailwindcss/oxide/-/oxide-4.1.4.tgz#bf3bce61310b64bd47f61f12083ae4903a91ba8e"
  integrity sha512-p5wOpXyOJx7mKh5MXh5oKk+kqcz8T+bA3z/5VWWeQwFrmuBItGwz8Y2CHk/sJ+dNb9B0nYFfn0rj/cKHZyjahQ==
  optionalDependencies:
    "@tailwindcss/oxide-android-arm64" "4.1.4"
    "@tailwindcss/oxide-darwin-arm64" "4.1.4"
    "@tailwindcss/oxide-darwin-x64" "4.1.4"
    "@tailwindcss/oxide-freebsd-x64" "4.1.4"
    "@tailwindcss/oxide-linux-arm-gnueabihf" "4.1.4"
    "@tailwindcss/oxide-linux-arm64-gnu" "4.1.4"
    "@tailwindcss/oxide-linux-arm64-musl" "4.1.4"
    "@tailwindcss/oxide-linux-x64-gnu" "4.1.4"
    "@tailwindcss/oxide-linux-x64-musl" "4.1.4"
    "@tailwindcss/oxide-wasm32-wasi" "4.1.4"
    "@tailwindcss/oxide-win32-arm64-msvc" "4.1.4"
    "@tailwindcss/oxide-win32-x64-msvc" "4.1.4"

"@tailwindcss/vite@^4.1.4":
  version "4.1.4"
  resolved "https://registry.yarnpkg.com/@tailwindcss/vite/-/vite-4.1.4.tgz#4ae66008e3f69499b7a951ba42aa4bc3cb2f7cd0"
  integrity sha512-4UQeMrONbvrsXKXXp/uxmdEN5JIJ9RkH7YVzs6AMxC/KC1+Np7WZBaNIco7TEjlkthqxZbt8pU/ipD+hKjm80A==
  dependencies:
    "@tailwindcss/node" "4.1.4"
    "@tailwindcss/oxide" "4.1.4"
    tailwindcss "4.1.4"

"@tybys/wasm-util@^0.9.0":
  version "0.9.0"
  resolved "https://registry.yarnpkg.com/@tybys/wasm-util/-/wasm-util-0.9.0.tgz#3e75eb00604c8d6db470bf18c37b7d984a0e3355"
  integrity sha512-6+7nlbMVX/PVDCwaIQ8nTOPveOcFLSt8GcXdx8hD0bt39uWxYT88uXzqTd4fTvqta7oeUJqudepapKNt2DYJFw==
  dependencies:
    tslib "^2.4.0"

"@types/estree@1.0.7":
  version "1.0.7"
  resolved "https://registry.yarnpkg.com/@types/estree/-/estree-1.0.7.tgz#4158d3105276773d5b7695cd4834b1722e4f37a8"
  integrity sha512-w28IoSUCJpidD/TGviZwwMJckNESJZXFu7NBZ5YJ4mEUnNraUn9Pm8HSZm/jDF1pDWYKspWE7oVphigUPRakIQ==

"@vitejs/plugin-vue@^5.2.2":
  version "5.2.3"
  resolved "https://registry.yarnpkg.com/@vitejs/plugin-vue/-/plugin-vue-5.2.3.tgz#71a8fc82d4d2e425af304c35bf389506f674d89b"
  integrity sha512-IYSLEQj4LgZZuoVpdSUCw3dIynTWQgPlaRP6iAvMle4My0HdYwr5g5wQAfwOeHQBmYwEkqF70nRpSilr6PoUDg==

"@volar/language-core@2.4.13", "@volar/language-core@~2.4.11":
  version "2.4.13"
  resolved "https://registry.yarnpkg.com/@volar/language-core/-/language-core-2.4.13.tgz#3e03c1d46e6de82364e47cfd9a5eafd9d68706a6"
  integrity sha512-MnQJ7eKchJx5Oz+YdbqyFUk8BN6jasdJv31n/7r6/WwlOOv7qzvot6B66887l2ST3bUW4Mewml54euzpJWA6bg==
  dependencies:
    "@volar/source-map" "2.4.13"

"@volar/source-map@2.4.13":
  version "2.4.13"
  resolved "https://registry.yarnpkg.com/@volar/source-map/-/source-map-2.4.13.tgz#7227bd39f6be48485a52bff24e9cf2c5db66e86d"
  integrity sha512-l/EBcc2FkvHgz2ZxV+OZK3kMSroMr7nN3sZLF2/f6kWW66q8+tEL4giiYyFjt0BcubqJhBt6soYIrAPhg/Yr+Q==

"@volar/typescript@~2.4.11":
  version "2.4.13"
  resolved "https://registry.yarnpkg.com/@volar/typescript/-/typescript-2.4.13.tgz#1f5b6f1aa1e68a800298ba217c297cbc5318f8ae"
  integrity sha512-Ukz4xv84swJPupZeoFsQoeJEOm7U9pqsEnaGGgt5ni3SCTa22m8oJP5Nng3Wed7Uw5RBELdLxxORX8YhJPyOgQ==
  dependencies:
    "@volar/language-core" "2.4.13"
    path-browserify "^1.0.1"
    vscode-uri "^3.0.8"

"@vue/compiler-core@3.5.13":
  version "3.5.13"
  resolved "https://registry.yarnpkg.com/@vue/compiler-core/-/compiler-core-3.5.13.tgz#b0ae6c4347f60c03e849a05d34e5bf747c9bda05"
  integrity sha512-oOdAkwqUfW1WqpwSYJce06wvt6HljgY3fGeM9NcVA1HaYOij3mZG9Rkysn0OHuyUAGMbEbARIpsG+LPVlBJ5/Q==
  dependencies:
    "@babel/parser" "^7.25.3"
    "@vue/shared" "3.5.13"
    entities "^4.5.0"
    estree-walker "^2.0.2"
    source-map-js "^1.2.0"

"@vue/compiler-dom@3.5.13", "@vue/compiler-dom@^3.5.0":
  version "3.5.13"
  resolved "https://registry.yarnpkg.com/@vue/compiler-dom/-/compiler-dom-3.5.13.tgz#bb1b8758dbc542b3658dda973b98a1c9311a8a58"
  integrity sha512-ZOJ46sMOKUjO3e94wPdCzQ6P1Lx/vhp2RSvfaab88Ajexs0AHeV0uasYhi99WPaogmBlRHNRuly8xV75cNTMDA==
  dependencies:
    "@vue/compiler-core" "3.5.13"
    "@vue/shared" "3.5.13"

"@vue/compiler-sfc@3.5.13":
  version "3.5.13"
  resolved "https://registry.yarnpkg.com/@vue/compiler-sfc/-/compiler-sfc-3.5.13.tgz#461f8bd343b5c06fac4189c4fef8af32dea82b46"
  integrity sha512-6VdaljMpD82w6c2749Zhf5T9u5uLBWKnVue6XWxprDobftnletJ8+oel7sexFfM3qIxNmVE7LSFGTpv6obNyaQ==
  dependencies:
    "@babel/parser" "^7.25.3"
    "@vue/compiler-core" "3.5.13"
    "@vue/compiler-dom" "3.5.13"
    "@vue/compiler-ssr" "3.5.13"
    "@vue/shared" "3.5.13"
    estree-walker "^2.0.2"
    magic-string "^0.30.11"
    postcss "^8.4.48"
    source-map-js "^1.2.0"

"@vue/compiler-ssr@3.5.13":
  version "3.5.13"
  resolved "https://registry.yarnpkg.com/@vue/compiler-ssr/-/compiler-ssr-3.5.13.tgz#e771adcca6d3d000f91a4277c972a996d07f43ba"
  integrity sha512-wMH6vrYHxQl/IybKJagqbquvxpWCuVYpoUJfCqFZwa/JY1GdATAQ+TgVtgrwwMZ0D07QhA99rs/EAAWfvG6KpA==
  dependencies:
    "@vue/compiler-dom" "3.5.13"
    "@vue/shared" "3.5.13"

"@vue/compiler-vue2@^2.7.16":
  version "2.7.16"
  resolved "https://registry.yarnpkg.com/@vue/compiler-vue2/-/compiler-vue2-2.7.16.tgz#2ba837cbd3f1b33c2bc865fbe1a3b53fb611e249"
  integrity sha512-qYC3Psj9S/mfu9uVi5WvNZIzq+xnXMhOwbTFKKDD7b1lhpnn71jXSFdTQ+WsIEk0ONCd7VV2IMm7ONl6tbQ86A==
  dependencies:
    de-indent "^1.0.2"
    he "^1.2.0"

"@vue/devtools-api@^6.6.4":
  version "6.6.4"
  resolved "https://registry.yarnpkg.com/@vue/devtools-api/-/devtools-api-6.6.4.tgz#cbe97fe0162b365edc1dba80e173f90492535343"
  integrity sha512-sGhTPMuXqZ1rVOk32RylztWkfXTRhuS7vgAKv0zjqk8gbsHkJ7xfFf+jbySxt7tWObEJwyKaHMikV/WGDiQm8g==

"@vue/language-core@2.2.10":
  version "2.2.10"
  resolved "https://registry.yarnpkg.com/@vue/language-core/-/language-core-2.2.10.tgz#5ae1e71a4e16dd59d1e4bac167f4b9c8c04d9f17"
  integrity sha512-+yNoYx6XIKuAO8Mqh1vGytu8jkFEOH5C8iOv3i8Z/65A7x9iAOXA97Q+PqZ3nlm2lxf5rOJuIGI/wDtx/riNYw==
  dependencies:
    "@volar/language-core" "~2.4.11"
    "@vue/compiler-dom" "^3.5.0"
    "@vue/compiler-vue2" "^2.7.16"
    "@vue/shared" "^3.5.0"
    alien-signals "^1.0.3"
    minimatch "^9.0.3"
    muggle-string "^0.4.1"
    path-browserify "^1.0.1"

"@vue/reactivity@3.5.13":
  version "3.5.13"
  resolved "https://registry.yarnpkg.com/@vue/reactivity/-/reactivity-3.5.13.tgz#b41ff2bb865e093899a22219f5b25f97b6fe155f"
  integrity sha512-NaCwtw8o48B9I6L1zl2p41OHo/2Z4wqYGGIK1Khu5T7yxrn+ATOixn/Udn2m+6kZKB/J7cuT9DbWWhRxqixACg==
  dependencies:
    "@vue/shared" "3.5.13"

"@vue/runtime-core@3.5.13":
  version "3.5.13"
  resolved "https://registry.yarnpkg.com/@vue/runtime-core/-/runtime-core-3.5.13.tgz#1fafa4bf0b97af0ebdd9dbfe98cd630da363a455"
  integrity sha512-Fj4YRQ3Az0WTZw1sFe+QDb0aXCerigEpw418pw1HBUKFtnQHWzwojaukAs2X/c9DQz4MQ4bsXTGlcpGxU/RCIw==
  dependencies:
    "@vue/reactivity" "3.5.13"
    "@vue/shared" "3.5.13"

"@vue/runtime-dom@3.5.13":
  version "3.5.13"
  resolved "https://registry.yarnpkg.com/@vue/runtime-dom/-/runtime-dom-3.5.13.tgz#610fc795de9246300e8ae8865930d534e1246215"
  integrity sha512-dLaj94s93NYLqjLiyFzVs9X6dWhTdAlEAciC3Moq7gzAc13VJUdCnjjRurNM6uTLFATRHexHCTu/Xp3eW6yoog==
  dependencies:
    "@vue/reactivity" "3.5.13"
    "@vue/runtime-core" "3.5.13"
    "@vue/shared" "3.5.13"
    csstype "^3.1.3"

"@vue/server-renderer@3.5.13":
  version "3.5.13"
  resolved "https://registry.yarnpkg.com/@vue/server-renderer/-/server-renderer-3.5.13.tgz#429ead62ee51de789646c22efe908e489aad46f7"
  integrity sha512-wAi4IRJV/2SAW3htkTlB+dHeRmpTiVIK1OGLWV1yeStVSebSQQOwGwIq0D3ZIoBj2C2qpgz5+vX9iEBkTdk5YA==
  dependencies:
    "@vue/compiler-ssr" "3.5.13"
    "@vue/shared" "3.5.13"

"@vue/shared@3.5.13", "@vue/shared@^3.5.0":
  version "3.5.13"
  resolved "https://registry.yarnpkg.com/@vue/shared/-/shared-3.5.13.tgz#87b309a6379c22b926e696893237826f64339b6f"
  integrity sha512-/hnE/qP5ZoGpol0a5mDi45bOd7t3tjYJBjsgCsivow7D48cJeV5l05RD82lPqi7gRiphZM37rnhW1l6ZoCNNnQ==

"@vue/tsconfig@^0.7.0":
  version "0.7.0"
  resolved "https://registry.yarnpkg.com/@vue/tsconfig/-/tsconfig-0.7.0.tgz#67044c847b7a137b8cbfd6b23104c36dbaf80d1d"
  integrity sha512-ku2uNz5MaZ9IerPPUyOHzyjhXoX2kVJaVf7hL315DC17vS6IiZRmmCPfggNbU16QTvM80+uYYy3eYJB59WCtvg==

alien-signals@^1.0.3:
  version "1.0.13"
  resolved "https://registry.yarnpkg.com/alien-signals/-/alien-signals-1.0.13.tgz#8d6db73462f742ee6b89671fbd8c37d0b1727a7e"
  integrity sha512-OGj9yyTnJEttvzhTUWuscOvtqxq5vrhF7vL9oS0xJ2mK0ItPYP1/y+vCFebfxoEyAz0++1AIwJ5CMr+Fk3nDmg==

balanced-match@^1.0.0:
  version "1.0.2"
  resolved "https://registry.yarnpkg.com/balanced-match/-/balanced-match-1.0.2.tgz#e83e3a7e3f300b34cb9d87f615fa0cbf357690ee"
  integrity sha512-3oSeUO0TMV67hN1AmbXsK4yaqU7tjiHlbxRDZOpH0KW9+CeX4bRAaX0Anxt0tx2MrpRpWwQaPwIlISEJhYU5Pw==

brace-expansion@^2.0.1:
  version "2.0.1"
  resolved "https://registry.yarnpkg.com/brace-expansion/-/brace-expansion-2.0.1.tgz#1edc459e0f0c548486ecf9fc99f2221364b9a0ae"
  integrity sha512-XnAIvQ8eM+kC6aULx6wuQiwVsnzsi9d3WxzV3FpWTGA19F621kwdbsAcFKXgKUHZWsy+mY6iL1sHTxWEFCytDA==
  dependencies:
    balanced-match "^1.0.0"

csstype@^3.1.3:
  version "3.1.3"
  resolved "https://registry.yarnpkg.com/csstype/-/csstype-3.1.3.tgz#d80ff294d114fb0e6ac500fbf85b60137d7eff81"
  integrity sha512-M1uQkMl8rQK/szD0LNhtqxIPLpimGm8sOBwU7lLnCpSbTyY3yeU1Vc7l4KT5zT4s/yOxHH5O7tIuuLOCnLADRw==

de-indent@^1.0.2:
  version "1.0.2"
  resolved "https://registry.yarnpkg.com/de-indent/-/de-indent-1.0.2.tgz#b2038e846dc33baa5796128d0804b455b8c1e21d"
  integrity sha512-e/1zu3xH5MQryN2zdVaF0OrdNLUbvWxzMbi+iNA6Bky7l1RoP8a2fIbRocyHclXt/arDrrR6lL3TqFD9pMQTsg==

detect-libc@^2.0.3:
  version "2.0.4"
  resolved "https://registry.yarnpkg.com/detect-libc/-/detect-libc-2.0.4.tgz#f04715b8ba815e53b4d8109655b6508a6865a7e8"
  integrity sha512-3UDv+G9CsCKO1WKMGw9fwq/SWJYbI0c5Y7LU1AXYoDdbhE2AHQ6N6Nb34sG8Fj7T5APy8qXDCKuuIHd1BR0tVA==

enhanced-resolve@^5.18.1:
  version "5.18.1"
  resolved "https://registry.yarnpkg.com/enhanced-resolve/-/enhanced-resolve-5.18.1.tgz#728ab082f8b7b6836de51f1637aab5d3b9568faf"
  integrity sha512-ZSW3ma5GkcQBIpwZTSRAI8N71Uuwgs93IezB7mf7R60tC8ZbJideoDNKjHn2O9KIlx6rkGTTEk1xUCK2E1Y2Yg==
  dependencies:
    graceful-fs "^4.2.4"
    tapable "^2.2.0"

entities@^4.5.0:
  version "4.5.0"
  resolved "https://registry.yarnpkg.com/entities/-/entities-4.5.0.tgz#5d268ea5e7113ec74c4d033b79ea5a35a488fb48"
  integrity sha512-V0hjH4dGPh9Ao5p0MoRY6BVqtwCjhz6vI5LT8AJ55H+4g9/4vbHx1I54fS0XuclLhDHArPQCiMjDxjaL8fPxhw==

esbuild@^0.25.0:
  version "0.25.3"
  resolved "https://registry.yarnpkg.com/esbuild/-/esbuild-0.25.3.tgz#371f7cb41283e5b2191a96047a7a89562965a285"
  integrity sha512-qKA6Pvai73+M2FtftpNKRxJ78GIjmFXFxd/1DVBqGo/qNhLSfv+G12n9pNoWdytJC8U00TrViOwpjT0zgqQS8Q==
  optionalDependencies:
    "@esbuild/aix-ppc64" "0.25.3"
    "@esbuild/android-arm" "0.25.3"
    "@esbuild/android-arm64" "0.25.3"
    "@esbuild/android-x64" "0.25.3"
    "@esbuild/darwin-arm64" "0.25.3"
    "@esbuild/darwin-x64" "0.25.3"
    "@esbuild/freebsd-arm64" "0.25.3"
    "@esbuild/freebsd-x64" "0.25.3"
    "@esbuild/linux-arm" "0.25.3"
    "@esbuild/linux-arm64" "0.25.3"
    "@esbuild/linux-ia32" "0.25.3"
    "@esbuild/linux-loong64" "0.25.3"
    "@esbuild/linux-mips64el" "0.25.3"
    "@esbuild/linux-ppc64" "0.25.3"
    "@esbuild/linux-riscv64" "0.25.3"
    "@esbuild/linux-s390x" "0.25.3"
    "@esbuild/linux-x64" "0.25.3"
    "@esbuild/netbsd-arm64" "0.25.3"
    "@esbuild/netbsd-x64" "0.25.3"
    "@esbuild/openbsd-arm64" "0.25.3"
    "@esbuild/openbsd-x64" "0.25.3"
    "@esbuild/sunos-x64" "0.25.3"
    "@esbuild/win32-arm64" "0.25.3"
    "@esbuild/win32-ia32" "0.25.3"
    "@esbuild/win32-x64" "0.25.3"

estree-walker@^2.0.2:
  version "2.0.2"
  resolved "https://registry.yarnpkg.com/estree-walker/-/estree-walker-2.0.2.tgz#52f010178c2a4c117a7757cfe942adb7d2da4cac"
  integrity sha512-Rfkk/Mp/DL7JVje3u18FxFujQlTNR2q6QfMSMB7AvCBx91NGj/ba3kCfza0f6dVDbw7YlRf/nDrn7pQrCCyQ/w==

fdir@^6.4.4:
  version "6.4.4"
  resolved "https://registry.yarnpkg.com/fdir/-/fdir-6.4.4.tgz#1cfcf86f875a883e19a8fab53622cfe992e8d2f9"
  integrity sha512-1NZP+GK4GfuAv3PqKvxQRDMjdSRZjnkq7KfhlNrCNNlZ0ygQFpebfrnfnq/W7fpUnAv9aGWmY1zKx7FYL3gwhg==

fsevents@~2.3.2, fsevents@~2.3.3:
  version "2.3.3"
  resolved "https://registry.yarnpkg.com/fsevents/-/fsevents-2.3.3.tgz#cac6407785d03675a2a5e1a5305c697b347d90d6"
  integrity sha512-5xoDfX+fL7faATnagmWPpbFtwh/R77WmMMqqHGS65C3vvB0YHrgF+B1YmZ3441tMj5n63k0212XNoJwzlhffQw==

graceful-fs@^4.2.4:
  version "4.2.11"
  resolved "https://registry.yarnpkg.com/graceful-fs/-/graceful-fs-4.2.11.tgz#4183e4e8bf08bb6e05bbb2f7d2e0c8f712ca40e3"
  integrity sha512-RbJ5/jmFcNNCcDV5o9eTnBLJ/HszWV0P73bc+Ff4nS/rJj+YaS6IGyiOL0VoBYX+l1Wrl3k63h/KrH+nhJ0XvQ==

he@^1.2.0:
  version "1.2.0"
  resolved "https://registry.yarnpkg.com/he/-/he-1.2.0.tgz#84ae65fa7eafb165fddb61566ae14baf05664f0f"
  integrity sha512-F/1DnUGPopORZi0ni+CvrCgHQ5FyEAHRLSApuYWMmrbSwoN2Mn/7k+Gl38gJnR7yyDZk6WLXwiGod1JOWNDKGw==

jiti@^2.4.2:
  version "2.4.2"
  resolved "https://registry.yarnpkg.com/jiti/-/jiti-2.4.2.tgz#d19b7732ebb6116b06e2038da74a55366faef560"
  integrity sha512-rg9zJN+G4n2nfJl5MW3BMygZX56zKPNVEYYqq7adpmMh4Jn2QNEwhvQlFy6jPVdcod7txZtKHWnyZiA3a0zP7A==

lightningcss-darwin-arm64@1.29.2:
  version "1.29.2"
  resolved "https://registry.yarnpkg.com/lightningcss-darwin-arm64/-/lightningcss-darwin-arm64-1.29.2.tgz#6ceff38b01134af48e859394e1ca21e5d49faae6"
  integrity sha512-cK/eMabSViKn/PG8U/a7aCorpeKLMlK0bQeNHmdb7qUnBkNPnL+oV5DjJUo0kqWsJUapZsM4jCfYItbqBDvlcA==

lightningcss-darwin-x64@1.29.2:
  version "1.29.2"
  resolved "https://registry.yarnpkg.com/lightningcss-darwin-x64/-/lightningcss-darwin-x64-1.29.2.tgz#891b6f9e57682d794223c33463ca66d3af3fb038"
  integrity sha512-j5qYxamyQw4kDXX5hnnCKMf3mLlHvG44f24Qyi2965/Ycz829MYqjrVg2H8BidybHBp9kom4D7DR5VqCKDXS0w==

lightningcss-freebsd-x64@1.29.2:
  version "1.29.2"
  resolved "https://registry.yarnpkg.com/lightningcss-freebsd-x64/-/lightningcss-freebsd-x64-1.29.2.tgz#8a95f9ab73b2b2b0beefe1599fafa8b058938495"
  integrity sha512-wDk7M2tM78Ii8ek9YjnY8MjV5f5JN2qNVO+/0BAGZRvXKtQrBC4/cn4ssQIpKIPP44YXw6gFdpUF+Ps+RGsCwg==

lightningcss-linux-arm-gnueabihf@1.29.2:
  version "1.29.2"
  resolved "https://registry.yarnpkg.com/lightningcss-linux-arm-gnueabihf/-/lightningcss-linux-arm-gnueabihf-1.29.2.tgz#5c60bbf92b39d7ed51e363f7b98a7111bf5914a1"
  integrity sha512-IRUrOrAF2Z+KExdExe3Rz7NSTuuJ2HvCGlMKoquK5pjvo2JY4Rybr+NrKnq0U0hZnx5AnGsuFHjGnNT14w26sg==

lightningcss-linux-arm64-gnu@1.29.2:
  version "1.29.2"
  resolved "https://registry.yarnpkg.com/lightningcss-linux-arm64-gnu/-/lightningcss-linux-arm64-gnu-1.29.2.tgz#e73d7608c4cce034c3654e5e8b53be74846224de"
  integrity sha512-KKCpOlmhdjvUTX/mBuaKemp0oeDIBBLFiU5Fnqxh1/DZ4JPZi4evEH7TKoSBFOSOV3J7iEmmBaw/8dpiUvRKlQ==

lightningcss-linux-arm64-musl@1.29.2:
  version "1.29.2"
  resolved "https://registry.yarnpkg.com/lightningcss-linux-arm64-musl/-/lightningcss-linux-arm64-musl-1.29.2.tgz#a95a18d5a909831c092e0a8d2de4b9ac1a8db151"
  integrity sha512-Q64eM1bPlOOUgxFmoPUefqzY1yV3ctFPE6d/Vt7WzLW4rKTv7MyYNky+FWxRpLkNASTnKQUaiMJ87zNODIrrKQ==

lightningcss-linux-x64-gnu@1.29.2:
  version "1.29.2"
  resolved "https://registry.yarnpkg.com/lightningcss-linux-x64-gnu/-/lightningcss-linux-x64-gnu-1.29.2.tgz#551ca07e565394928642edee92acc042e546cb78"
  integrity sha512-0v6idDCPG6epLXtBH/RPkHvYx74CVziHo6TMYga8O2EiQApnUPZsbR9nFNrg2cgBzk1AYqEd95TlrsL7nYABQg==

lightningcss-linux-x64-musl@1.29.2:
  version "1.29.2"
  resolved "https://registry.yarnpkg.com/lightningcss-linux-x64-musl/-/lightningcss-linux-x64-musl-1.29.2.tgz#2fd164554340831bce50285b57101817850dd258"
  integrity sha512-rMpz2yawkgGT8RULc5S4WiZopVMOFWjiItBT7aSfDX4NQav6M44rhn5hjtkKzB+wMTRlLLqxkeYEtQ3dd9696w==

lightningcss-win32-arm64-msvc@1.29.2:
  version "1.29.2"
  resolved "https://registry.yarnpkg.com/lightningcss-win32-arm64-msvc/-/lightningcss-win32-arm64-msvc-1.29.2.tgz#da43ea49fafc5d2de38e016f1a8539d5eed98318"
  integrity sha512-nL7zRW6evGQqYVu/bKGK+zShyz8OVzsCotFgc7judbt6wnB2KbiKKJwBE4SGoDBQ1O94RjW4asrCjQL4i8Fhbw==

lightningcss-win32-x64-msvc@1.29.2:
  version "1.29.2"
  resolved "https://registry.yarnpkg.com/lightningcss-win32-x64-msvc/-/lightningcss-win32-x64-msvc-1.29.2.tgz#ddefaa099a39b725b2f5bbdcb9fc718435cc9797"
  integrity sha512-EdIUW3B2vLuHmv7urfzMI/h2fmlnOQBk1xlsDxkN1tCWKjNFjfLhGxYk8C8mzpSfr+A6jFFIi8fU6LbQGsRWjA==

lightningcss@1.29.2:
  version "1.29.2"
  resolved "https://registry.yarnpkg.com/lightningcss/-/lightningcss-1.29.2.tgz#f5f0fd6e63292a232697e6fe709da5b47624def3"
  integrity sha512-6b6gd/RUXKaw5keVdSEtqFVdzWnU5jMxTUjA2bVcMNPLwSQ08Sv/UodBVtETLCn7k4S1Ibxwh7k68IwLZPgKaA==
  dependencies:
    detect-libc "^2.0.3"
  optionalDependencies:
    lightningcss-darwin-arm64 "1.29.2"
    lightningcss-darwin-x64 "1.29.2"
    lightningcss-freebsd-x64 "1.29.2"
    lightningcss-linux-arm-gnueabihf "1.29.2"
    lightningcss-linux-arm64-gnu "1.29.2"
    lightningcss-linux-arm64-musl "1.29.2"
    lightningcss-linux-x64-gnu "1.29.2"
    lightningcss-linux-x64-musl "1.29.2"
    lightningcss-win32-arm64-msvc "1.29.2"
    lightningcss-win32-x64-msvc "1.29.2"

magic-string@^0.30.11:
  version "0.30.17"
  resolved "https://registry.yarnpkg.com/magic-string/-/magic-string-0.30.17.tgz#450a449673d2460e5bbcfba9a61916a1714c7453"
  integrity sha512-sNPKHvyjVf7gyjwS4xGTaW/mCnF8wnjtifKBEhxfZ7E/S8tQ0rssrwGNn6q8JH/ohItJfSQp9mBtQYuTlH5QnA==
  dependencies:
    "@jridgewell/sourcemap-codec" "^1.5.0"

minimatch@^9.0.3:
  version "9.0.5"
  resolved "https://registry.yarnpkg.com/minimatch/-/minimatch-9.0.5.tgz#d74f9dd6b57d83d8e98cfb82133b03978bc929e5"
  integrity sha512-G6T0ZX48xgozx7587koeX9Ys2NYy6Gmv//P89sEte9V9whIapMNF4idKxnW2QtCcLiTWlb/wfCabAtAFWhhBow==
  dependencies:
    brace-expansion "^2.0.1"

muggle-string@^0.4.1:
  version "0.4.1"
  resolved "https://registry.yarnpkg.com/muggle-string/-/muggle-string-0.4.1.tgz#3b366bd43b32f809dc20659534dd30e7c8a0d328"
  integrity sha512-VNTrAak/KhO2i8dqqnqnAHOa3cYBwXEZe9h+D5h/1ZqFSTEFHdM65lR7RoIqq3tBBYavsOXV84NoHXZ0AkPyqQ==

nanoid@^3.3.8:
  version "3.3.11"
  resolved "https://registry.yarnpkg.com/nanoid/-/nanoid-3.3.11.tgz#4f4f112cefbe303202f2199838128936266d185b"
  integrity sha512-N8SpfPUnUp1bK+PMYW8qSWdl9U+wwNWI4QKxOYDy9JAro3WMX7p2OeVRF9v+347pnakNevPmiHhNmZ2HbFA76w==

path-browserify@^1.0.1:
  version "1.0.1"
  resolved "https://registry.yarnpkg.com/path-browserify/-/path-browserify-1.0.1.tgz#d98454a9c3753d5790860f16f68867b9e46be1fd"
  integrity sha512-b7uo2UCUOYZcnF/3ID0lulOJi/bafxa1xPe7ZPsammBSpjSWQkjNxlt635YGS2MiR9GjvuXCtz2emr3jbsz98g==

picocolors@^1.1.1:
  version "1.1.1"
  resolved "https://registry.yarnpkg.com/picocolors/-/picocolors-1.1.1.tgz#3d321af3eab939b083c8f929a1d12cda81c26b6b"
  integrity sha512-xceH2snhtb5M9liqDsmEw56le376mTZkEX/jEb/RxNFyegNul7eNslCXP9FDj/Lcu0X8KEyMceP2ntpaHrDEVA==

picomatch@^4.0.2:
  version "4.0.2"
  resolved "https://registry.yarnpkg.com/picomatch/-/picomatch-4.0.2.tgz#77c742931e8f3b8820946c76cd0c1f13730d1dab"
  integrity sha512-M7BAV6Rlcy5u+m6oPhAPFgJTzAioX/6B0DxyvDlo9l8+T3nLKbrczg2WLUyzd45L8RqfUMyGPzekbMvX2Ldkwg==

postcss@^8.4.48, postcss@^8.5.3:
  version "8.5.3"
  resolved "https://registry.yarnpkg.com/postcss/-/postcss-8.5.3.tgz#1463b6f1c7fb16fe258736cba29a2de35237eafb"
  integrity sha512-dle9A3yYxlBSrt8Fu+IpjGT8SY8hN0mlaA6GY8t0P5PjIOZemULz/E2Bnm/2dcUOena75OTNkHI76uZBNUUq3A==
  dependencies:
    nanoid "^3.3.8"
    picocolors "^1.1.1"
    source-map-js "^1.2.1"

rollup@^4.34.9:
  version "4.40.1"
  resolved "https://registry.yarnpkg.com/rollup/-/rollup-4.40.1.tgz#03d6c53ebb6a9c2c060ae686a61e72a2472b366f"
  integrity sha512-C5VvvgCCyfyotVITIAv+4efVytl5F7wt+/I2i9q9GZcEXW9BP52YYOXC58igUi+LFZVHukErIIqQSWwv/M3WRw==
  dependencies:
    "@types/estree" "1.0.7"
  optionalDependencies:
    "@rollup/rollup-android-arm-eabi" "4.40.1"
    "@rollup/rollup-android-arm64" "4.40.1"
    "@rollup/rollup-darwin-arm64" "4.40.1"
    "@rollup/rollup-darwin-x64" "4.40.1"
    "@rollup/rollup-freebsd-arm64" "4.40.1"
    "@rollup/rollup-freebsd-x64" "4.40.1"
    "@rollup/rollup-linux-arm-gnueabihf" "4.40.1"
    "@rollup/rollup-linux-arm-musleabihf" "4.40.1"
    "@rollup/rollup-linux-arm64-gnu" "4.40.1"
    "@rollup/rollup-linux-arm64-musl" "4.40.1"
    "@rollup/rollup-linux-loongarch64-gnu" "4.40.1"
    "@rollup/rollup-linux-powerpc64le-gnu" "4.40.1"
    "@rollup/rollup-linux-riscv64-gnu" "4.40.1"
    "@rollup/rollup-linux-riscv64-musl" "4.40.1"
    "@rollup/rollup-linux-s390x-gnu" "4.40.1"
    "@rollup/rollup-linux-x64-gnu" "4.40.1"
    "@rollup/rollup-linux-x64-musl" "4.40.1"
    "@rollup/rollup-win32-arm64-msvc" "4.40.1"
    "@rollup/rollup-win32-ia32-msvc" "4.40.1"
    "@rollup/rollup-win32-x64-msvc" "4.40.1"
    fsevents "~2.3.2"

source-map-js@^1.2.0, source-map-js@^1.2.1:
  version "1.2.1"
  resolved "https://registry.yarnpkg.com/source-map-js/-/source-map-js-1.2.1.tgz#1ce5650fddd87abc099eda37dcff024c2667ae46"
  integrity sha512-UXWMKhLOwVKb728IUtQPXxfYU+usdybtUrK/8uGE8CQMvrhOpwvzDBwj0QhSL7MQc7vIsISBG8VQ8+IDQxpfQA==

sweetalert2@^11.19.1:
  version "11.19.1"
  resolved "https://registry.yarnpkg.com/sweetalert2/-/sweetalert2-11.19.1.tgz#b6583a3db8e17b2408f45c19d855f1416b37c2ae"
  integrity sha512-+8yws3Sc1srAZbrgdhmEIZny1I1UOYhJOIOdtOlv4TYaP5kkwQ9Zm8/BT23Qg+KdByCNOazltxEJAHzXVu8mhA==

tailwindcss@4.1.4, tailwindcss@^4.1.4:
  version "4.1.4"
  resolved "https://registry.yarnpkg.com/tailwindcss/-/tailwindcss-4.1.4.tgz#27b3c910c6f1a47f4540451f3faf7cdd6d977a69"
  integrity sha512-1ZIUqtPITFbv/DxRmDr5/agPqJwF69d24m9qmM1939TJehgY539CtzeZRjbLt5G6fSy/7YqqYsfvoTEw9xUI2A==

tapable@^2.2.0:
  version "2.2.1"
  resolved "https://registry.yarnpkg.com/tapable/-/tapable-2.2.1.tgz#1967a73ef4060a82f12ab96af86d52fdb76eeca0"
  integrity sha512-GNzQvQTOIP6RyTfE2Qxb8ZVlNmw0n88vp1szwWRimP02mnTsx3Wtn5qRdqY9w2XduFNUgvOwhNnQsjwCp+kqaQ==

tinyglobby@^0.2.13:
  version "0.2.13"
  resolved "https://registry.yarnpkg.com/tinyglobby/-/tinyglobby-0.2.13.tgz#a0e46515ce6cbcd65331537e57484af5a7b2ff7e"
  integrity sha512-mEwzpUgrLySlveBwEVDMKk5B57bhLPYovRfPAXD5gA/98Opn0rCDj3GtLwFvCvH5RK9uPCExUROW5NjDwvqkxw==
  dependencies:
    fdir "^6.4.4"
    picomatch "^4.0.2"

tslib@^2.4.0, tslib@^2.8.0:
  version "2.8.1"
  resolved "https://registry.yarnpkg.com/tslib/-/tslib-2.8.1.tgz#612efe4ed235d567e8aba5f2a5fab70280ade83f"
  integrity sha512-oJFu94HQb+KVduSUQL7wnpmqnfmLsOA/nAh6b6EH0wCEoK0/mPeXU6c3wKDV83MkOuHPRHtSXKKU99IBazS/2w==

typescript@~5.7.2:
  version "5.7.3"
  resolved "https://registry.yarnpkg.com/typescript/-/typescript-5.7.3.tgz#919b44a7dbb8583a9b856d162be24a54bf80073e"
  integrity sha512-84MVSjMEHP+FQRPy3pX9sTVV/INIex71s9TL2Gm5FG/WG1SqXeKyZ0k7/blY/4FdOzI12CBy1vGc4og/eus0fw==

vite@^6.3.1:
  version "6.3.3"
  resolved "https://registry.yarnpkg.com/vite/-/vite-6.3.3.tgz#497392c3f2243194e4dbf09ea83e9a3dddf49b88"
  integrity sha512-5nXH+QsELbFKhsEfWLkHrvgRpTdGJzqOZ+utSdmPTvwHmvU6ITTm3xx+mRusihkcI8GeC7lCDyn3kDtiki9scw==
  dependencies:
    esbuild "^0.25.0"
    fdir "^6.4.4"
    picomatch "^4.0.2"
    postcss "^8.5.3"
    rollup "^4.34.9"
    tinyglobby "^0.2.13"
  optionalDependencies:
    fsevents "~2.3.3"

vscode-uri@^3.0.8:
  version "3.1.0"
  resolved "https://registry.yarnpkg.com/vscode-uri/-/vscode-uri-3.1.0.tgz#dd09ec5a66a38b5c3fffc774015713496d14e09c"
  integrity sha512-/BpdSx+yCQGnCvecbyXdxHDkuk55/G3xwnC0GqY4gmQ3j+A+g8kzzgB4Nk/SINjqn6+waqw3EgbVF2QKExkRxQ==

vue-router@4:
  version "4.5.1"
  resolved "https://registry.yarnpkg.com/vue-router/-/vue-router-4.5.1.tgz#47bffe2d3a5479d2886a9a244547a853aa0abf69"
  integrity sha512-ogAF3P97NPm8fJsE4by9dwSYtDwXIY1nFY9T6DyQnGHd1E2Da94w9JIolpe42LJGIl0DwOHBi8TcRPlPGwbTtw==
  dependencies:
    "@vue/devtools-api" "^6.6.4"

vue-tsc@^2.2.8:
  version "2.2.10"
  resolved "https://registry.yarnpkg.com/vue-tsc/-/vue-tsc-2.2.10.tgz#7b51a666cb90788884efd0caedc69fc1fc9c5b78"
  integrity sha512-jWZ1xSaNbabEV3whpIDMbjVSVawjAyW+x1n3JeGQo7S0uv2n9F/JMgWW90tGWNFRKya4YwKMZgCtr0vRAM7DeQ==
  dependencies:
    "@volar/typescript" "~2.4.11"
    "@vue/language-core" "2.2.10"

vue@^3.2.19, vue@^3.5.13:
  version "3.5.13"
  resolved "https://registry.yarnpkg.com/vue/-/vue-3.5.13.tgz#9f760a1a982b09c0c04a867903fc339c9f29ec0a"
  integrity sha512-wmeiSMxkZCSc+PM2w2VRsOYAZC8GdipNFRTsLSfodVqI9mbejKeXEGr8SckuLnrQPGe3oJN5c3K0vpoU9q/wCQ==
  dependencies:
    "@vue/compiler-dom" "3.5.13"
    "@vue/compiler-sfc" "3.5.13"
    "@vue/runtime-dom" "3.5.13"
    "@vue/server-renderer" "3.5.13"
    "@vue/shared" "3.5.13"
